// !$*UTF8*$!
{
	archiveVersion = 1;
	classes = {
	};
	objectVersion = 48;
	objects = {

/* Begin PBXBuildFile section */
		D842A6931FE15966007FD1C1 /* AppDelegate.swift in Sources */ = {isa = PBXBuildFile; fileRef = D842A6921FE15966007FD1C1 /* AppDelegate.swift */; };
		D842A6951FE15966007FD1C1 /* MainViewController.swift in Sources */ = {isa = PBXBuildFile; fileRef = D842A6941FE15966007FD1C1 /* MainViewController.swift */; };
		D842A6981FE15966007FD1C1 /* Main.storyboard in Resources */ = {isa = PBXBuildFile; fileRef = D842A6961FE15966007FD1C1 /* Main.storyboard */; };
		D842A69A1FE15966007FD1C1 /* Assets.xcassets in Resources */ = {isa = PBXBuildFile; fileRef = D842A6991FE15966007FD1C1 /* Assets.xcassets */; };
		D842A69D1FE15966007FD1C1 /* LaunchScreen.storyboard in Resources */ = {isa = PBXBuildFile; fileRef = D842A69B1FE15966007FD1C1 /* LaunchScreen.storyboard */; };
		D842A6A51FE16217007FD1C1 /* DropAidViewController.swift in Sources */ = {isa = PBXBuildFile; fileRef = D842A6A41FE16217007FD1C1 /* DropAidViewController.swift */; };
		D842A6A81FE16B9B007FD1C1 /* Drop.swift in Sources */ = {isa = PBXBuildFile; fileRef = D842A6A71FE16B9B007FD1C1 /* Drop.swift */; };
		D842A6AA1FE1744F007FD1C1 /* DropController.swift in Sources */ = {isa = PBXBuildFile; fileRef = D842A6A91FE1744F007FD1C1 /* DropController.swift */; };
		D842A6AC1FE1D3C4007FD1C1 /* ViewDropsViewController.swift in Sources */ = {isa = PBXBuildFile; fileRef = D842A6AB1FE1D3C4007FD1C1 /* ViewDropsViewController.swift */; };
		D842A6B01FE1E5A8007FD1C1 /* ViewDropsTableViewController.swift in Sources */ = {isa = PBXBuildFile; fileRef = D842A6AF1FE1E5A8007FD1C1 /* ViewDropsTableViewController.swift */; };
		D842A6B21FE1E5BA007FD1C1 /* ViewDropsMapViewController.swift in Sources */ = {isa = PBXBuildFile; fileRef = D842A6B11FE1E5BA007FD1C1 /* ViewDropsMapViewController.swift */; };
		D842A6B41FE2BE2C007FD1C1 /* ViewDropsTableViewCell.swift in Sources */ = {isa = PBXBuildFile; fileRef = D842A6B31FE2BE2C007FD1C1 /* ViewDropsTableViewCell.swift */; };
		D8C622A220015E4B00830575 /* KeyboardNotifications.swift in Sources */ = {isa = PBXBuildFile; fileRef = D8C622A120015E4B00830575 /* KeyboardNotifications.swift */; };
		D8C622A420015E8E00830575 /* KeyboardNotificationsDelegate.swift in Sources */ = {isa = PBXBuildFile; fileRef = D8C622A320015E8E00830575 /* KeyboardNotificationsDelegate.swift */; };
/* End PBXBuildFile section */

/* Begin PBXFileReference section */
		D842A68F1FE15966007FD1C1 /* AidDrop.app */ = {isa = PBXFileReference; explicitFileType = wrapper.application; includeInIndex = 0; path = AidDrop.app; sourceTree = BUILT_PRODUCTS_DIR; };
		D842A6921FE15966007FD1C1 /* AppDelegate.swift */ = {isa = PBXFileReference; lastKnownFileType = sourcecode.swift; path = AppDelegate.swift; sourceTree = "<group>"; };
		D842A6941FE15966007FD1C1 /* MainViewController.swift */ = {isa = PBXFileReference; lastKnownFileType = sourcecode.swift; path = MainViewController.swift; sourceTree = "<group>"; };
		D842A6971FE15966007FD1C1 /* Base */ = {isa = PBXFileReference; lastKnownFileType = file.storyboard; name = Base; path = Base.lproj/Main.storyboard; sourceTree = "<group>"; };
		D842A6991FE15966007FD1C1 /* Assets.xcassets */ = {isa = PBXFileReference; lastKnownFileType = folder.assetcatalog; path = Assets.xcassets; sourceTree = "<group>"; };
		D842A69C1FE15966007FD1C1 /* Base */ = {isa = PBXFileReference; lastKnownFileType = file.storyboard; name = Base; path = Base.lproj/LaunchScreen.storyboard; sourceTree = "<group>"; };
		D842A69E1FE15966007FD1C1 /* Info.plist */ = {isa = PBXFileReference; lastKnownFileType = text.plist.xml; path = Info.plist; sourceTree = "<group>"; };
		D842A6A41FE16217007FD1C1 /* DropAidViewController.swift */ = {isa = PBXFileReference; lastKnownFileType = sourcecode.swift; path = DropAidViewController.swift; sourceTree = "<group>"; };
		D842A6A71FE16B9B007FD1C1 /* Drop.swift */ = {isa = PBXFileReference; lastKnownFileType = sourcecode.swift; path = Drop.swift; sourceTree = "<group>"; };
		D842A6A91FE1744F007FD1C1 /* DropController.swift */ = {isa = PBXFileReference; lastKnownFileType = sourcecode.swift; path = DropController.swift; sourceTree = "<group>"; };
		D842A6AB1FE1D3C4007FD1C1 /* ViewDropsViewController.swift */ = {isa = PBXFileReference; lastKnownFileType = sourcecode.swift; path = ViewDropsViewController.swift; sourceTree = "<group>"; };
		D842A6AF1FE1E5A8007FD1C1 /* ViewDropsTableViewController.swift */ = {isa = PBXFileReference; lastKnownFileType = sourcecode.swift; path = ViewDropsTableViewController.swift; sourceTree = "<group>"; };
		D842A6B11FE1E5BA007FD1C1 /* ViewDropsMapViewController.swift */ = {isa = PBXFileReference; lastKnownFileType = sourcecode.swift; path = ViewDropsMapViewController.swift; sourceTree = "<group>"; };
		D842A6B31FE2BE2C007FD1C1 /* ViewDropsTableViewCell.swift */ = {isa = PBXFileReference; lastKnownFileType = sourcecode.swift; path = ViewDropsTableViewCell.swift; sourceTree = "<group>"; };
		D8C622A120015E4B00830575 /* KeyboardNotifications.swift */ = {isa = PBXFileReference; lastKnownFileType = sourcecode.swift; path = KeyboardNotifications.swift; sourceTree = "<group>"; };
		D8C622A320015E8E00830575 /* KeyboardNotificationsDelegate.swift */ = {isa = PBXFileReference; lastKnownFileType = sourcecode.swift; path = KeyboardNotificationsDelegate.swift; sourceTree = "<group>"; };
/* End PBXFileReference section */

/* Begin PBXFrameworksBuildPhase section */
		D842A68C1FE15965007FD1C1 /* Frameworks */ = {
			isa = PBXFrameworksBuildPhase;
			buildActionMask = 2147483647;
			files = (
			);
			runOnlyForDeploymentPostprocessing = 0;
		};
/* End PBXFrameworksBuildPhase section */

/* Begin PBXGroup section */
		D842A6861FE15965007FD1C1 = {
			isa = PBXGroup;
			children = (
				D842A6911FE15966007FD1C1 /* AidDrop */,
				D842A6901FE15966007FD1C1 /* Products */,
			);
			sourceTree = "<group>";
		};
		D842A6901FE15966007FD1C1 /* Products */ = {
			isa = PBXGroup;
			children = (
				D842A68F1FE15966007FD1C1 /* AidDrop.app */,
			);
			name = Products;
			sourceTree = "<group>";
		};
		D842A6911FE15966007FD1C1 /* AidDrop */ = {
			isa = PBXGroup;
			children = (
				D842A6A61FE16B7E007FD1C1 /* Models */,
				D842A6921FE15966007FD1C1 /* AppDelegate.swift */,
				D842A6941FE15966007FD1C1 /* MainViewController.swift */,
				D842A6961FE15966007FD1C1 /* Main.storyboard */,
				D842A6A41FE16217007FD1C1 /* DropAidViewController.swift */,
				D842A6991FE15966007FD1C1 /* Assets.xcassets */,
				D842A69B1FE15966007FD1C1 /* LaunchScreen.storyboard */,
				D842A69E1FE15966007FD1C1 /* Info.plist */,
				D842A6AB1FE1D3C4007FD1C1 /* ViewDropsViewController.swift */,
				D842A6AF1FE1E5A8007FD1C1 /* ViewDropsTableViewController.swift */,
				D842A6B11FE1E5BA007FD1C1 /* ViewDropsMapViewController.swift */,
				D842A6B31FE2BE2C007FD1C1 /* ViewDropsTableViewCell.swift */,
				D8C622A120015E4B00830575 /* KeyboardNotifications.swift */,
				D8C622A320015E8E00830575 /* KeyboardNotificationsDelegate.swift */,
			);
			path = AidDrop;
			sourceTree = "<group>";
		};
		D842A6A61FE16B7E007FD1C1 /* Models */ = {
			isa = PBXGroup;
			children = (
				D842A6A71FE16B9B007FD1C1 /* Drop.swift */,
				D842A6A91FE1744F007FD1C1 /* DropController.swift */,
			);
			path = Models;
			sourceTree = "<group>";
		};
/* End PBXGroup section */

/* Begin PBXNativeTarget section */
		D842A68E1FE15965007FD1C1 /* AidDrop */ = {
			isa = PBXNativeTarget;
			buildConfigurationList = D842A6A11FE15966007FD1C1 /* Build configuration list for PBXNativeTarget "AidDrop" */;
			buildPhases = (
				D842A68B1FE15965007FD1C1 /* Sources */,
				D842A68C1FE15965007FD1C1 /* Frameworks */,
				D842A68D1FE15965007FD1C1 /* Resources */,
			);
			buildRules = (
			);
			dependencies = (
			);
			name = AidDrop;
			productName = AidDrop;
			productReference = D842A68F1FE15966007FD1C1 /* AidDrop.app */;
			productType = "com.apple.product-type.application";
		};
/* End PBXNativeTarget section */

/* Begin PBXProject section */
		D842A6871FE15965007FD1C1 /* Project object */ = {
			isa = PBXProject;
			attributes = {
				LastSwiftUpdateCheck = 0920;
				LastUpgradeCheck = 0920;
				ORGANIZATIONNAME = "John Corry";
				TargetAttributes = {
					D842A68E1FE15965007FD1C1 = {
						CreatedOnToolsVersion = 9.2;
						ProvisioningStyle = Automatic;
					};
				};
			};
			buildConfigurationList = D842A68A1FE15965007FD1C1 /* Build configuration list for PBXProject "AidDrop" */;
			compatibilityVersion = "Xcode 8.0";
			developmentRegion = en;
			hasScannedForEncodings = 0;
			knownRegions = (
				en,
				Base,
			);
			mainGroup = D842A6861FE15965007FD1C1;
			productRefGroup = D842A6901FE15966007FD1C1 /* Products */;
			projectDirPath = "";
			projectRoot = "";
			targets = (
				D842A68E1FE15965007FD1C1 /* AidDrop */,
			);
		};
/* End PBXProject section */

/* Begin PBXResourcesBuildPhase section */
		D842A68D1FE15965007FD1C1 /* Resources */ = {
			isa = PBXResourcesBuildPhase;
			buildActionMask = 2147483647;
			files = (
				D842A69D1FE15966007FD1C1 /* LaunchScreen.storyboard in Resources */,
				D842A69A1FE15966007FD1C1 /* Assets.xcassets in Resources */,
				D842A6981FE15966007FD1C1 /* Main.storyboard in Resources */,
			);
			runOnlyForDeploymentPostprocessing = 0;
		};
/* End PBXResourcesBuildPhase section */

/* Begin PBXSourcesBuildPhase section */
		D842A68B1FE15965007FD1C1 /* Sources */ = {
			isa = PBXSourcesBuildPhase;
			buildActionMask = 2147483647;
			files = (
				D842A6951FE15966007FD1C1 /* MainViewController.swift in Sources */,
				D842A6931FE15966007FD1C1 /* AppDelegate.swift in Sources */,
				D842A6AC1FE1D3C4007FD1C1 /* ViewDropsViewController.swift in Sources */,
				D842A6B01FE1E5A8007FD1C1 /* ViewDropsTableViewController.swift in Sources */,
				D842A6A81FE16B9B007FD1C1 /* Drop.swift in Sources */,
				D842A6A51FE16217007FD1C1 /* DropAidViewController.swift in Sources */,
				D842A6B21FE1E5BA007FD1C1 /* ViewDropsMapViewController.swift in Sources */,
				D842A6AA1FE1744F007FD1C1 /* DropController.swift in Sources */,
				D8C622A420015E8E00830575 /* KeyboardNotificationsDelegate.swift in Sources */,
				D842A6B41FE2BE2C007FD1C1 /* ViewDropsTableViewCell.swift in Sources */,
				D8C622A220015E4B00830575 /* KeyboardNotifications.swift in Sources */,
			);
			runOnlyForDeploymentPostprocessing = 0;
		};
/* End PBXSourcesBuildPhase section */

/* Begin PBXVariantGroup section */
		D842A6961FE15966007FD1C1 /* Main.storyboard */ = {
			isa = PBXVariantGroup;
			children = (
				D842A6971FE15966007FD1C1 /* Base */,
			);
			name = Main.storyboard;
			sourceTree = "<group>";
		};
		D842A69B1FE15966007FD1C1 /* LaunchScreen.storyboard */ = {
			isa = PBXVariantGroup;
			children = (
				D842A69C1FE15966007FD1C1 /* Base */,
			);
			name = LaunchScreen.storyboard;
			sourceTree = "<group>";
		};
/* End PBXVariantGroup section */

/* Begin XCBuildConfiguration section */
		D842A69F1FE15966007FD1C1 /* Debug */ = {
			isa = XCBuildConfiguration;
			buildSettings = {
				ALWAYS_SEARCH_USER_PATHS = NO;
				CLANG_ANALYZER_NONNULL = YES;
				CLANG_ANALYZER_NUMBER_OBJECT_CONVERSION = YES_AGGRESSIVE;
				CLANG_CXX_LANGUAGE_STANDARD = "gnu++14";
				CLANG_CXX_LIBRARY = "libc++";
				CLANG_ENABLE_MODULES = YES;
				CLANG_ENABLE_OBJC_ARC = YES;
				CLANG_WARN_BLOCK_CAPTURE_AUTORELEASING = YES;
				CLANG_WARN_BOOL_CONVERSION = YES;
				CLANG_WARN_COMMA = YES;
				CLANG_WARN_CONSTANT_CONVERSION = YES;
				CLANG_WARN_DIRECT_OBJC_ISA_USAGE = YES_ERROR;
				CLANG_WARN_DOCUMENTATION_COMMENTS = YES;
				CLANG_WARN_EMPTY_BODY = YES;
				CLANG_WARN_ENUM_CONVERSION = YES;
				CLANG_WARN_INFINITE_RECURSION = YES;
				CLANG_WARN_INT_CONVERSION = YES;
				CLANG_WARN_NON_LITERAL_NULL_CONVERSION = YES;
				CLANG_WARN_OBJC_LITERAL_CONVERSION = YES;
				CLANG_WARN_OBJC_ROOT_CLASS = YES_ERROR;
				CLANG_WARN_RANGE_LOOP_ANALYSIS = YES;
				CLANG_WARN_STRICT_PROTOTYPES = YES;
				CLANG_WARN_SUSPICIOUS_MOVE = YES;
				CLANG_WARN_UNGUARDED_AVAILABILITY = YES_AGGRESSIVE;
				CLANG_WARN_UNREACHABLE_CODE = YES;
				CLANG_WARN__DUPLICATE_METHOD_MATCH = YES;
				CODE_SIGN_IDENTITY = "iPhone Developer";
				COPY_PHASE_STRIP = NO;
				DEBUG_INFORMATION_FORMAT = dwarf;
				ENABLE_STRICT_OBJC_MSGSEND = YES;
				ENABLE_TESTABILITY = YES;
				GCC_C_LANGUAGE_STANDARD = gnu11;
				GCC_DYNAMIC_NO_PIC = NO;
				GCC_NO_COMMON_BLOCKS = YES;
				GCC_OPTIMIZATION_LEVEL = 0;
				GCC_PREPROCESSOR_DEFINITIONS = (
					"DEBUG=1",
					"$(inherited)",
				);
				GCC_WARN_64_TO_32_BIT_CONVERSION = YES;
				GCC_WARN_ABOUT_RETURN_TYPE = YES_ERROR;
				GCC_WARN_UNDECLARED_SELECTOR = YES;
				GCC_WARN_UNINITIALIZED_AUTOS = YES_AGGRESSIVE;
				GCC_WARN_UNUSED_FUNCTION = YES;
				GCC_WARN_UNUSED_VARIABLE = YES;
				IPHONEOS_DEPLOYMENT_TARGET = 11.2;
				MTL_ENABLE_DEBUG_INFO = YES;
				ONLY_ACTIVE_ARCH = YES;
				SDKROOT = iphoneos;
				SWIFT_ACTIVE_COMPILATION_CONDITIONS = DEBUG;
				SWIFT_OPTIMIZATION_LEVEL = "-Onone";
			};
			name = Debug;
		};
		D842A6A01FE15966007FD1C1 /* Release */ = {
			isa = XCBuildConfiguration;
			buildSettings = {
				ALWAYS_SEARCH_USER_PATHS = NO;
				CLANG_ANALYZER_NONNULL = YES;
				CLANG_ANALYZER_NUMBER_OBJECT_CONVERSION = YES_AGGRESSIVE;
				CLANG_CXX_LANGUAGE_STANDARD = "gnu++14";
				CLANG_CXX_LIBRARY = "libc++";
				CLANG_ENABLE_MODULES = YES;
				CLANG_ENABLE_OBJC_ARC = YES;
				CLANG_WARN_BLOCK_CAPTURE_AUTORELEASING = YES;
				CLANG_WARN_BOOL_CONVERSION = YES;
				CLANG_WARN_COMMA = YES;
				CLANG_WARN_CONSTANT_CONVERSION = YES;
				CLANG_WARN_DIRECT_OBJC_ISA_USAGE = YES_ERROR;
				CLANG_WARN_DOCUMENTATION_COMMENTS = YES;
				CLANG_WARN_EMPTY_BODY = YES;
				CLANG_WARN_ENUM_CONVERSION = YES;
				CLANG_WARN_INFINITE_RECURSION = YES;
				CLANG_WARN_INT_CONVERSION = YES;
				CLANG_WARN_NON_LITERAL_NULL_CONVERSION = YES;
				CLANG_WARN_OBJC_LITERAL_CONVERSION = YES;
				CLANG_WARN_OBJC_ROOT_CLASS = YES_ERROR;
				CLANG_WARN_RANGE_LOOP_ANALYSIS = YES;
				CLANG_WARN_STRICT_PROTOTYPES = YES;
				CLANG_WARN_SUSPICIOUS_MOVE = YES;
				CLANG_WARN_UNGUARDED_AVAILABILITY = YES_AGGRESSIVE;
				CLANG_WARN_UNREACHABLE_CODE = YES;
				CLANG_WARN__DUPLICATE_METHOD_MATCH = YES;
				CODE_SIGN_IDENTITY = "iPhone Developer";
				COPY_PHASE_STRIP = NO;
				DEBUG_INFORMATION_FORMAT = "dwarf-with-dsym";
				ENABLE_NS_ASSERTIONS = NO;
				ENABLE_STRICT_OBJC_MSGSEND = YES;
				GCC_C_LANGUAGE_STANDARD = gnu11;
				GCC_NO_COMMON_BLOCKS = YES;
				GCC_WARN_64_TO_32_BIT_CONVERSION = YES;
				GCC_WARN_ABOUT_RETURN_TYPE = YES_ERROR;
				GCC_WARN_UNDECLARED_SELECTOR = YES;
				GCC_WARN_UNINITIALIZED_AUTOS = YES_AGGRESSIVE;
				GCC_WARN_UNUSED_FUNCTION = YES;
				GCC_WARN_UNUSED_VARIABLE = YES;
				IPHONEOS_DEPLOYMENT_TARGET = 11.2;
				MTL_ENABLE_DEBUG_INFO = NO;
				SDKROOT = iphoneos;
				SWIFT_OPTIMIZATION_LEVEL = "-Owholemodule";
				VALIDATE_PRODUCT = YES;
			};
			name = Release;
		};
		D842A6A21FE15966007FD1C1 /* Debug */ = {
			isa = XCBuildConfiguration;
			buildSettings = {
				ASSETCATALOG_COMPILER_APPICON_NAME = AppIcon;
				CODE_SIGN_STYLE = Automatic;
				DEVELOPMENT_TEAM = 663QYFNAPK;
				INFOPLIST_FILE = AidDrop/Info.plist;
				LD_RUNPATH_SEARCH_PATHS = "$(inherited) @executable_path/Frameworks";
				PRODUCT_BUNDLE_IDENTIFIER = com.jcorry.AidDrop;
				PRODUCT_NAME = "$(TARGET_NAME)";
				SWIFT_VERSION = 4.0;
				TARGETED_DEVICE_FAMILY = "1,2";
			};
			name = Debug;
		};
		D842A6A31FE15966007FD1C1 /* Release */ = {
			isa = XCBuildConfiguration;
			buildSettings = {
				ASSETCATALOG_COMPILER_APPICON_NAME = AppIcon;
				CODE_SIGN_STYLE = Automatic;
				DEVELOPMENT_TEAM = 663QYFNAPK;
				INFOPLIST_FILE = AidDrop/Info.plist;
				LD_RUNPATH_SEARCH_PATHS = "$(inherited) @executable_path/Frameworks";
				PRODUCT_BUNDLE_IDENTIFIER = com.jcorry.AidDrop;
				PRODUCT_NAME = "$(TARGET_NAME)";
				SWIFT_VERSION = 4.0;
				TARGETED_DEVICE_FAMILY = "1,2";
			};
			name = Release;
		};
/* End XCBuildConfiguration section */

/* Begin XCConfigurationList section */
		D842A68A1FE15965007FD1C1 /* Build configuration list for PBXProject "AidDrop" */ = {
			isa = XCConfigurationList;
			buildConfigurations = (
				D842A69F1FE15966007FD1C1 /* Debug */,
				D842A6A01FE15966007FD1C1 /* Release */,
			);
			defaultConfigurationIsVisible = 0;
			defaultConfigurationName = Release;
		};
		D842A6A11FE15966007FD1C1 /* Build configuration list for PBXNativeTarget "AidDrop" */ = {
			isa = XCConfigurationList;
			buildConfigurations = (
				D842A6A21FE15966007FD1C1 /* Debug */,
				D842A6A31FE15966007FD1C1 /* Release */,
			);
			defaultConfigurationIsVisible = 0;
			defaultConfigurationName = Release;
		};
/* End XCConfigurationList section */
	};
	rootObject = D842A6871FE15965007FD1C1 /* Project object */;
}
